
Microsoft Visual Studio Solution File, Format Version 12.00
# Visual Studio 15
Project("{FAE04EC0-301F-11D3-BF4B-00C04F79EFBC}") = "Assembly-CSharp", "Assembly-CSharp.csproj", "{4ABDC324-2BB6-BBF7-7515-D411E3E0DD21}"
EndProject
Project("{FAE04EC0-301F-11D3-BF4B-00C04F79EFBC}") = "SteamVR", "SteamVR.csproj", "{53C93DDF-30B1-EC2D-0D7D-CA88DB4D4361}"
EndProject
Project("{FAE04EC0-301F-11D3-BF4B-00C04F79EFBC}") = "SteamVR_Editor", "SteamVR_Editor.csproj", "{90A38A6B-80BF-85CA-C0CD-9BE97682A44F}"
EndProject
Project("{FAE04EC0-301F-11D3-BF4B-00C04F79EFBC}") = "SteamVR_Input_Editor", "SteamVR_Input_Editor.csproj", "{669555E2-70E7-D415-C9FB-087FD8ACFCC7}"
EndProject
Project("{FAE04EC0-301F-11D3-BF4B-00C04F79EFBC}") = "Assembly-CSharp-Editor", "Assembly-CSharp-Editor.csproj", "{B126E06D-3088-05A7-FD29-CFC6A0E4F300}"
EndProject
Project("{FAE04EC0-301F-11D3-BF4B-00C04F79EFBC}") = "SteamVR_Actions", "SteamVR_Actions.csproj", "{32B26239-F10E-CA6D-43D6-997117C754F8}"
EndProject
Project("{FAE04EC0-301F-11D3-BF4B-00C04F79EFBC}") = "SteamVR_Windows_EditorHelper", "SteamVR_Windows_EditorHelper.csproj", "{D6B05ACD-6086-655F-EEC1-CA375C5A60CF}"
EndProject
Global
	GlobalSection(SolutionConfigurationPlatforms) = preSolution
		Debug|Any CPU = Debug|Any CPU
		Release|Any CPU = Release|Any CPU
	EndGlobalSection
	GlobalSection(ProjectConfigurationPlatforms) = postSolution
		{4ABDC324-2BB6-BBF7-7515-D411E3E0DD21}.Debug|Any CPU.ActiveCfg = Debug|Any CPU
		{4ABDC324-2BB6-BBF7-7515-D411E3E0DD21}.Debug|Any CPU.Build.0 = Debug|Any CPU
		{4ABDC324-2BB6-BBF7-7515-D411E3E0DD21}.Release|Any CPU.ActiveCfg = Release|Any CPU
		{4ABDC324-2BB6-BBF7-7515-D411E3E0DD21}.Release|Any CPU.Build.0 = Release|Any CPU
		{53C93DDF-30B1-EC2D-0D7D-CA88DB4D4361}.Debug|Any CPU.ActiveCfg = Debug|Any CPU
		{53C93DDF-30B1-EC2D-0D7D-CA88DB4D4361}.Debug|Any CPU.Build.0 = Debug|Any CPU
		{53C93DDF-30B1-EC2D-0D7D-CA88DB4D4361}.Release|Any CPU.ActiveCfg = Release|Any CPU
		{53C93DDF-30B1-EC2D-0D7D-CA88DB4D4361}.Release|Any CPU.Build.0 = Release|Any CPU
		{90A38A6B-80BF-85CA-C0CD-9BE97682A44F}.Debug|Any CPU.ActiveCfg = Debug|Any CPU
		{90A38A6B-80BF-85CA-C0CD-9BE97682A44F}.Debug|Any CPU.Build.0 = Debug|Any CPU
		{90A38A6B-80BF-85CA-C0CD-9BE97682A44F}.Release|Any CPU.ActiveCfg = Release|Any CPU
		{90A38A6B-80BF-85CA-C0CD-9BE97682A44F}.Release|Any CPU.Build.0 = Release|Any CPU
		{669555E2-70E7-D415-C9FB-087FD8ACFCC7}.Debug|Any CPU.ActiveCfg = Debug|Any CPU
		{669555E2-70E7-D415-C9FB-087FD8ACFCC7}.Debug|Any CPU.Build.0 = Debug|Any CPU
		{669555E2-70E7-D415-C9FB-087FD8ACFCC7}.Release|Any CPU.ActiveCfg = Release|Any CPU
		{669555E2-70E7-D415-C9FB-087FD8ACFCC7}.Release|Any CPU.Build.0 = Release|Any CPU
		{B126E06D-3088-05A7-FD29-CFC6A0E4F300}.Debug|Any CPU.ActiveCfg = Debug|Any CPU
		{B126E06D-3088-05A7-FD29-CFC6A0E4F300}.Debug|Any CPU.Build.0 = Debug|Any CPU
		{B126E06D-3088-05A7-FD29-CFC6A0E4F300}.Release|Any CPU.ActiveCfg = Release|Any CPU
		{B126E06D-3088-05A7-FD29-CFC6A0E4F300}.Release|Any CPU.Build.0 = Release|Any CPU
		{32B26239-F10E-CA6D-43D6-997117C754F8}.Debug|Any CPU.ActiveCfg = Debug|Any CPU
		{32B26239-F10E-CA6D-43D6-997117C754F8}.Debug|Any CPU.Build.0 = Debug|Any CPU
		{32B26239-F10E-CA6D-43D6-997117C754F8}.Release|Any CPU.ActiveCfg = Release|Any CPU
		{32B26239-F10E-CA6D-43D6-997117C754F8}.Release|Any CPU.Build.0 = Release|Any CPU
		{D6B05ACD-6086-655F-EEC1-CA375C5A60CF}.Debug|Any CPU.ActiveCfg = Debug|Any CPU
		{D6B05ACD-6086-655F-EEC1-CA375C5A60CF}.Debug|Any CPU.Build.0 = Debug|Any CPU
		{D6B05ACD-6086-655F-EEC1-CA375C5A60CF}.Release|Any CPU.ActiveCfg = Release|Any CPU
		{D6B05ACD-6086-655F-EEC1-CA375C5A60CF}.Release|Any CPU.Build.0 = Release|Any CPU
	EndGlobalSection
	GlobalSection(SolutionProperties) = preSolution
		HideSolutionNode = FALSE
	EndGlobalSection
EndGlobal
